
Microsoft Visual Studio Solution File, Format Version 12.00
# Visual Studio Version 17
VisualStudioVersion = 17.8.34316.72
MinimumVisualStudioVersion = 10.0.40219.1
Project("{FAE04EC0-301F-11D3-BF4B-00C04F79EFBC}") = "Review system01", "Review system01\Review system01.csproj", "{BE4BD4D7-B53F-4DF5-B0EC-AC83AA8C2950}"
EndProject
Global
	GlobalSection(SolutionConfigurationPlatforms) = preSolution
		Debug|Any CPU = Debug|Any CPU
		Release|Any CPU = Release|Any CPU
	EndGlobalSection
	GlobalSection(ProjectConfigurationPlatforms) = postSolution
		{BE4BD4D7-B53F-4DF5-B0EC-AC83AA8C2950}.Debug|Any CPU.ActiveCfg = Debug|Any CPU
		{BE4BD4D7-B53F-4DF5-B0EC-AC83AA8C2950}.Debug|Any CPU.Build.0 = Debug|Any CPU
		{BE4BD4D7-B53F-4DF5-B0EC-AC83AA8C2950}.Release|Any CPU.ActiveCfg = Release|Any CPU
		{BE4BD4D7-B53F-4DF5-B0EC-AC83AA8C2950}.Release|Any CPU.Build.0 = Release|Any CPU
	EndGlobalSection
	GlobalSection(SolutionProperties) = preSolution
		HideSolutionNode = FALSE
	EndGlobalSection
	GlobalSection(ExtensibilityGlobals) = postSolution
		SolutionGuid = {BEEFA5C1-D523-4EA3-BB69-6FAB3956C7CF}
	EndGlobalSection
EndGlobal
